
Microsoft Visual Studio Solution File, Format Version 12.00
# Visual Studio Version 18
VisualStudioVersion = 18.8.12021.73
MinimumVisualStudioVersion = 10.0.40219.1
Project("{778DAE3C-4631-46EA-AA77-85C1314464D9}") = "vbi", "Interactive\vbi\vbi.vbproj", "{3F336260-CFFC-45A5-B90C-6BA20DC5A567}"
EndProject
Project("{778DAE3C-4631-46EA-AA77-85C1314464D9}") = "Microsoft.CodeAnalysis.VisualBasic.Scripting", "Scripting\VisualBasic\Microsoft.CodeAnalysis.VisualBasic.Scripting.vbproj", "{561DCA28-E61E-49B6-89E3-35AC85381833}"
EndProject
Project("{778DAE3C-4631-46EA-AA77-85C1314464D9}") = "Microsoft.CodeAnalysis.VisualBasic.Scripting.UnitTests", "Scripting\VisualBasicTest\Microsoft.CodeAnalysis.VisualBasic.Scripting.UnitTests.vbproj", "{D7158271-2E8C-4AB8-86DF-21D6D99F5D0C}"
EndProject
Project("{2150E333-8FDC-42A3-9474-1A3956D46DE8}") = "解决方案项", "解决方案项", "{3068EED5-FA2B-4A59-AAE2-9D5B9C7484F1}"
	ProjectSection(SolutionItems) = preProject
		ReadMe.md = ReadMe.md
	EndProjectSection
EndProject
Project("{9A19103F-16F7-4668-BE54-9A1E7A4F7556}") = "Microsoft.CodeAnalysis.Scripting", "Scripting\Core\Microsoft.CodeAnalysis.Scripting.csproj", "{51F4DAE8-8E3E-4068-AB8F-50794FBC4C30}"
EndProject
Project("{C7167F0D-BC9F-4E6E-AFE1-012C56B48DB5}") = "VBInteractive.WindowsDesktop.Installer", "Installer\VBInteractive.WindowsDesktop.Installer\VBInteractive.WindowsDesktop.Installer.wapproj", "{346C13FC-1F04-4123-B357-D0FB9EB7B45B}"
EndProject
Project("{2150E333-8FDC-42A3-9474-1A3956D46DE8}") = "Packaging", "Packaging", "{4C873D95-697F-446D-BD3D-CDAA051885E7}"
EndProject
Project("{778DAE3C-4631-46EA-AA77-85C1314464D9}") = "vbicore", "Installer\vbicore\vbicore.vbproj", "{E8594D51-3AAF-4FBF-90B8-EF2564B40193}"
EndProject
Project("{778DAE3C-4631-46EA-AA77-85C1314464D9}") = "vbifw", "Installer\vbifw\vbifw.vbproj", "{D598E75C-3A4F-4B59-821E-C8E4B0A842BD}"
EndProject
Project("{778DAE3C-4631-46EA-AA77-85C1314464D9}") = "vbichooser", "Installer\vbichooser\vbichooser.vbproj", "{7516B056-CA65-4000-A675-A645CFCBA60E}"
EndProject
Project("{FAE04EC0-301F-11D3-BF4B-00C04F79EFBC}") = "Nukepayload2.Compilers.VBScriptDotNet.Package", "Installer\Toolset\Nukepayload2.Compilers.VBScriptDotNet.Package.csproj", "{E4B5A1C2-6D8F-4A2E-9B7C-3D1F8A5C6E04}"
EndProject
Project("{2150E333-8FDC-42A3-9474-1A3956D46DE8}") = "Samples", "Samples", "{CFF10723-B9A2-432F-8B9E-78DADBC5CC7D}"
	ProjectSection(SolutionItems) = preProject
		Samples\ExcelWithNetFramework.vbx = Samples\ExcelWithNetFramework.vbx
		Samples\GuidGenerator.vbx = Samples\GuidGenerator.vbx
		Samples\WinFormsDateDifference.vbx = Samples\WinFormsDateDifference.vbx
		Samples\WinUISimpleWindow.vbx = Samples\WinUISimpleWindow.vbx
		Samples\WpfCpuCoreInformation.vbx = Samples\WpfCpuCoreInformation.vbx
	EndProjectSection
EndProject
Project("{2150E333-8FDC-42A3-9474-1A3956D46DE8}") = "Compilers", "Compilers", "{1A04643E-D114-1CCC-45A2-AD427A94AEC2}"
EndProject
Project("{2150E333-8FDC-42A3-9474-1A3956D46DE8}") = "VisualBasic", "VisualBasic", "{7FFACE73-723B-E74B-A353-3C966D8DC77D}"
EndProject
Project("{2150E333-8FDC-42A3-9474-1A3956D46DE8}") = "Portable", "Portable", "{2C82E26B-F0FC-A24A-E2C4-523BE0B3BDD2}"
EndProject
Project("{F184B08F-C81C-45F6-A57F-5ABD9991F28F}") = "Microsoft.CodeAnalysis.VisualBasic", "Compilers\VisualBasic\Portable\Microsoft.CodeAnalysis.VisualBasic.vbproj", "{0FF78864-1B9A-4BAB-8D65-76FB95663468}"
EndProject
Project("{2150E333-8FDC-42A3-9474-1A3956D46DE8}") = "Core", "Core", "{40AC1AFD-6EB0-00D9-2D81-9C2EAE396883}"
EndProject
Project("{2150E333-8FDC-42A3-9474-1A3956D46DE8}") = "Portable", "Portable", "{ED2CC0D3-E5FC-89EC-BFB5-937F649AB018}"
EndProject
Project("{FAE04EC0-301F-11D3-BF4B-00C04F79EFBC}") = "Microsoft.CodeAnalysis", "Compilers\Core\Portable\Microsoft.CodeAnalysis.csproj", "{925C96AE-83A4-4FF4-81F3-C9B58F98F036}"
EndProject
Project("{F184B08F-C81C-45F6-A57F-5ABD9991F28F}") = "Microsoft.CodeAnalysis.VisualBasic.UnitTests", "Compilers\VisualBasicTest\Microsoft.CodeAnalysis.VisualBasic.UnitTests.vbproj", "{1B5D689E-14BF-40F8-BB16-977CC53D1C67}"
EndProject
Project("{2150E333-8FDC-42A3-9474-1A3956D46DE8}") = "CSharp", "CSharp", "{587A4ED1-4CA6-3614-DF97-D3863A17817B}"
EndProject
Project("{2150E333-8FDC-42A3-9474-1A3956D46DE8}") = "Portable", "Portable", "{9FA41788-16AC-31FB-8895-7E8E32111A93}"
EndProject
Project("{FAE04EC0-301F-11D3-BF4B-00C04F79EFBC}") = "Microsoft.CodeAnalysis.CSharp", "Compilers\CSharp\Portable\Microsoft.CodeAnalysis.CSharp.csproj", "{4CB70F3F-6A60-4F72-88F8-3A1D832AFF66}"
EndProject
Project("{FAE04EC0-301F-11D3-BF4B-00C04F79EFBC}") = "Microsoft.Build.Tasks.CodeAnalysis", "Compilers\Core\MSBuildTask\MSBuild\Microsoft.Build.Tasks.CodeAnalysis.csproj", "{A3B7E9C1-2D4F-4A6B-8C0E-5F1A9B3D7E52}"
EndProject
Project("{F184B08F-C81C-45F6-A57F-5ABD9991F28F}") = "Microsoft.CodeAnalysis.VisualBasic.Syntax.UnitTests", "Compilers\VisualBasicSyntaxTest\Microsoft.CodeAnalysis.VisualBasic.Syntax.UnitTests.vbproj", "{33F6064E-13F8-4F8C-A29A-E5A8D1450463}"
EndProject
Project("{F184B08F-C81C-45F6-A57F-5ABD9991F28F}") = "Microsoft.CodeAnalysis.VisualBasic.Symbol.UnitTests", "Compilers\VisualBasicSymbolTest\Microsoft.CodeAnalysis.VisualBasic.Symbol.UnitTests.vbproj", "{F3B1F691-ABED-4000-AB61-CD4BA8C976CE}"
EndProject
Project("{F184B08F-C81C-45F6-A57F-5ABD9991F28F}") = "Microsoft.CodeAnalysis.VisualBasic.Semantic.UnitTests", "Compilers\VisualBasicSemanticTest\Microsoft.CodeAnalysis.VisualBasic.Semantic.UnitTests.vbproj", "{CF7B2E50-F615-4971-B36B-8A4E4B5274F5}"
EndProject
Project("{F184B08F-C81C-45F6-A57F-5ABD9991F28F}") = "Roslyn.Compilers.VisualBasic.IOperation.UnitTests", "Compilers\VisualBasicIOperationTest\Roslyn.Compilers.VisualBasic.IOperation.UnitTests.vbproj", "{32A4642D-B504-421B-9E84-6CB4222230E0}"
EndProject
Project("{F184B08F-C81C-45F6-A57F-5ABD9991F28F}") = "Microsoft.CodeAnalysis.VisualBasic.Emit.UnitTests", "Compilers\VisualBasicEmitTest\Microsoft.CodeAnalysis.VisualBasic.Emit.UnitTests.vbproj", "{A6D1B40D-6B08-4E17-9E9F-4A0B0AE18E2F}"
EndProject
Project("{F184B08F-C81C-45F6-A57F-5ABD9991F28F}") = "Microsoft.CodeAnalysis.VisualBasic.CommandLine.UnitTests", "Compilers\VisualBasicCommandLineTest\Microsoft.CodeAnalysis.VisualBasic.CommandLine.UnitTests.vbproj", "{B7E2C51E-7C19-4F28-AFA0-5B1C1BF29F30}"
EndProject
Project("{2150E333-8FDC-42A3-9474-1A3956D46DE8}") = "Tests", "Tests", "{0D670EBB-89D5-47E6-8979-047296B3F4EC}"
EndProject
Global
	GlobalSection(SolutionConfigurationPlatforms) = preSolution
		Debug|Any CPU = Debug|Any CPU
		Debug|ARM = Debug|ARM
		Debug|ARM32 = Debug|ARM32
		Debug|ARM64 = Debug|ARM64
		Debug|x64 = Debug|x64
		Debug|x86 = Debug|x86
		Release|Any CPU = Release|Any CPU
		Release|ARM = Release|ARM
		Release|ARM32 = Release|ARM32
		Release|ARM64 = Release|ARM64
		Release|x64 = Release|x64
		Release|x86 = Release|x86
	EndGlobalSection
	GlobalSection(ProjectConfigurationPlatforms) = postSolution
		{3F336260-CFFC-45A5-B90C-6BA20DC5A567}.Debug|Any CPU.ActiveCfg = Debug|Any CPU
		{3F336260-CFFC-45A5-B90C-6BA20DC5A567}.Debug|Any CPU.Build.0 = Debug|Any CPU
		{3F336260-CFFC-45A5-B90C-6BA20DC5A567}.Debug|ARM.ActiveCfg = Debug|Any CPU
		{3F336260-CFFC-45A5-B90C-6BA20DC5A567}.Debug|ARM.Build.0 = Debug|Any CPU
		{3F336260-CFFC-45A5-B90C-6BA20DC5A567}.Debug|ARM32.ActiveCfg = Debug|Any CPU
		{3F336260-CFFC-45A5-B90C-6BA20DC5A567}.Debug|ARM64.ActiveCfg = Debug|Any CPU
		{3F336260-CFFC-45A5-B90C-6BA20DC5A567}.Debug|ARM64.Build.0 = Debug|Any CPU
		{3F336260-CFFC-45A5-B90C-6BA20DC5A567}.Debug|x64.ActiveCfg = Debug|x64
		{3F336260-CFFC-45A5-B90C-6BA20DC5A567}.Debug|x64.Build.0 = Debug|x64
		{3F336260-CFFC-45A5-B90C-6BA20DC5A567}.Debug|x86.ActiveCfg = Debug|Any CPU
		{3F336260-CFFC-45A5-B90C-6BA20DC5A567}.Debug|x86.Build.0 = Debug|Any CPU
		{3F336260-CFFC-45A5-B90C-6BA20DC5A567}.Release|Any CPU.ActiveCfg = Release|Any CPU
		{3F336260-CFFC-45A5-B90C-6BA20DC5A567}.Release|Any CPU.Build.0 = Release|Any CPU
		{3F336260-CFFC-45A5-B90C-6BA20DC5A567}.Release|ARM.ActiveCfg = Release|Any CPU
		{3F336260-CFFC-45A5-B90C-6BA20DC5A567}.Release|ARM.Build.0 = Release|Any CPU
		{3F336260-CFFC-45A5-B90C-6BA20DC5A567}.Release|ARM32.ActiveCfg = Release|Any CPU
		{3F336260-CFFC-45A5-B90C-6BA20DC5A567}.Release|ARM64.ActiveCfg = Release|ARM64
		{3F336260-CFFC-45A5-B90C-6BA20DC5A567}.Release|ARM64.Build.0 = Release|ARM64
		{3F336260-CFFC-45A5-B90C-6BA20DC5A567}.Release|x64.ActiveCfg = Release|x64
		{3F336260-CFFC-45A5-B90C-6BA20DC5A567}.Release|x64.Build.0 = Release|x64
		{3F336260-CFFC-45A5-B90C-6BA20DC5A567}.Release|x86.ActiveCfg = Release|Any CPU
		{3F336260-CFFC-45A5-B90C-6BA20DC5A567}.Release|x86.Build.0 = Release|Any CPU
		{561DCA28-E61E-49B6-89E3-35AC85381833}.Debug|Any CPU.ActiveCfg = Debug|Any CPU
		{561DCA28-E61E-49B6-89E3-35AC85381833}.Debug|Any CPU.Build.0 = Debug|Any CPU
		{561DCA28-E61E-49B6-89E3-35AC85381833}.Debug|ARM.ActiveCfg = Debug|Any CPU
		{561DCA28-E61E-49B6-89E3-35AC85381833}.Debug|ARM.Build.0 = Debug|Any CPU
		{561DCA28-E61E-49B6-89E3-35AC85381833}.Debug|ARM32.ActiveCfg = Debug|Any CPU
		{561DCA28-E61E-49B6-89E3-35AC85381833}.Debug|ARM32.Build.0 = Debug|Any CPU
		{561DCA28-E61E-49B6-89E3-35AC85381833}.Debug|ARM64.ActiveCfg = Debug|Any CPU
		{561DCA28-E61E-49B6-89E3-35AC85381833}.Debug|ARM64.Build.0 = Debug|Any CPU
		{561DCA28-E61E-49B6-89E3-35AC85381833}.Debug|x64.ActiveCfg = Debug|Any CPU
		{561DCA28-E61E-49B6-89E3-35AC85381833}.Debug|x64.Build.0 = Debug|Any CPU
		{561DCA28-E61E-49B6-89E3-35AC85381833}.Debug|x86.ActiveCfg = Debug|Any CPU
		{561DCA28-E61E-49B6-89E3-35AC85381833}.Debug|x86.Build.0 = Debug|Any CPU
		{561DCA28-E61E-49B6-89E3-35AC85381833}.Release|Any CPU.ActiveCfg = Release|Any CPU
		{561DCA28-E61E-49B6-89E3-35AC85381833}.Release|Any CPU.Build.0 = Release|Any CPU
		{561DCA28-E61E-49B6-89E3-35AC85381833}.Release|ARM.ActiveCfg = Release|Any CPU
		{561DCA28-E61E-49B6-89E3-35AC85381833}.Release|ARM.Build.0 = Release|Any CPU
		{561DCA28-E61E-49B6-89E3-35AC85381833}.Release|ARM32.ActiveCfg = Release|Any CPU
		{561DCA28-E61E-49B6-89E3-35AC85381833}.Release|ARM32.Build.0 = Release|Any CPU
		{561DCA28-E61E-49B6-89E3-35AC85381833}.Release|ARM64.ActiveCfg = Release|Any CPU
		{561DCA28-E61E-49B6-89E3-35AC85381833}.Release|ARM64.Build.0 = Release|Any CPU
		{561DCA28-E61E-49B6-89E3-35AC85381833}.Release|x64.ActiveCfg = Release|Any CPU
		{561DCA28-E61E-49B6-89E3-35AC85381833}.Release|x64.Build.0 = Release|Any CPU
		{561DCA28-E61E-49B6-89E3-35AC85381833}.Release|x86.ActiveCfg = Release|Any CPU
		{561DCA28-E61E-49B6-89E3-35AC85381833}.Release|x86.Build.0 = Release|Any CPU
		{D7158271-2E8C-4AB8-86DF-21D6D99F5D0C}.Debug|Any CPU.ActiveCfg = Debug|Any CPU
		{D7158271-2E8C-4AB8-86DF-21D6D99F5D0C}.Debug|Any CPU.Build.0 = Debug|Any CPU
		{D7158271-2E8C-4AB8-86DF-21D6D99F5D0C}.Debug|ARM.ActiveCfg = Debug|Any CPU
		{D7158271-2E8C-4AB8-86DF-21D6D99F5D0C}.Debug|ARM.Build.0 = Debug|Any CPU
		{D7158271-2E8C-4AB8-86DF-21D6D99F5D0C}.Debug|ARM32.ActiveCfg = Debug|Any CPU
		{D7158271-2E8C-4AB8-86DF-21D6D99F5D0C}.Debug|ARM32.Build.0 = Debug|Any CPU
		{D7158271-2E8C-4AB8-86DF-21D6D99F5D0C}.Debug|ARM64.ActiveCfg = Debug|Any CPU
		{D7158271-2E8C-4AB8-86DF-21D6D99F5D0C}.Debug|ARM64.Build.0 = Debug|Any CPU
		{D7158271-2E8C-4AB8-86DF-21D6D99F5D0C}.Debug|x64.ActiveCfg = Debug|Any CPU
		{D7158271-2E8C-4AB8-86DF-21D6D99F5D0C}.Debug|x64.Build.0 = Debug|Any CPU
		{D7158271-2E8C-4AB8-86DF-21D6D99F5D0C}.Debug|x86.ActiveCfg = Debug|Any CPU
		{D7158271-2E8C-4AB8-86DF-21D6D99F5D0C}.Debug|x86.Build.0 = Debug|Any CPU
		{D7158271-2E8C-4AB8-86DF-21D6D99F5D0C}.Release|Any CPU.ActiveCfg = Release|Any CPU
		{D7158271-2E8C-4AB8-86DF-21D6D99F5D0C}.Release|Any CPU.Build.0 = Release|Any CPU
		{D7158271-2E8C-4AB8-86DF-21D6D99F5D0C}.Release|ARM.ActiveCfg = Release|Any CPU
		{D7158271-2E8C-4AB8-86DF-21D6D99F5D0C}.Release|ARM.Build.0 = Release|Any CPU
		{D7158271-2E8C-4AB8-86DF-21D6D99F5D0C}.Release|ARM32.ActiveCfg = Release|Any CPU
		{D7158271-2E8C-4AB8-86DF-21D6D99F5D0C}.Release|ARM32.Build.0 = Release|Any CPU
		{D7158271-2E8C-4AB8-86DF-21D6D99F5D0C}.Release|ARM64.ActiveCfg = Release|Any CPU
		{D7158271-2E8C-4AB8-86DF-21D6D99F5D0C}.Release|ARM64.Build.0 = Release|Any CPU
		{D7158271-2E8C-4AB8-86DF-21D6D99F5D0C}.Release|x64.ActiveCfg = Release|Any CPU
		{D7158271-2E8C-4AB8-86DF-21D6D99F5D0C}.Release|x64.Build.0 = Release|Any CPU
		{D7158271-2E8C-4AB8-86DF-21D6D99F5D0C}.Release|x86.ActiveCfg = Release|Any CPU
		{D7158271-2E8C-4AB8-86DF-21D6D99F5D0C}.Release|x86.Build.0 = Release|Any CPU
		{51F4DAE8-8E3E-4068-AB8F-50794FBC4C30}.Debug|Any CPU.ActiveCfg = Debug|Any CPU
		{51F4DAE8-8E3E-4068-AB8F-50794FBC4C30}.Debug|Any CPU.Build.0 = Debug|Any CPU
		{51F4DAE8-8E3E-4068-AB8F-50794FBC4C30}.Debug|ARM.ActiveCfg = Debug|Any CPU
		{51F4DAE8-8E3E-4068-AB8F-50794FBC4C30}.Debug|ARM.Build.0 = Debug|Any CPU
		{51F4DAE8-8E3E-4068-AB8F-50794FBC4C30}.Debug|ARM32.ActiveCfg = Debug|Any CPU
		{51F4DAE8-8E3E-4068-AB8F-50794FBC4C30}.Debug|ARM32.Build.0 = Debug|Any CPU
		{51F4DAE8-8E3E-4068-AB8F-50794FBC4C30}.Debug|ARM64.ActiveCfg = Debug|Any CPU
		{51F4DAE8-8E3E-4068-AB8F-50794FBC4C30}.Debug|ARM64.Build.0 = Debug|Any CPU
		{51F4DAE8-8E3E-4068-AB8F-50794FBC4C30}.Debug|x64.ActiveCfg = Debug|Any CPU
		{51F4DAE8-8E3E-4068-AB8F-50794FBC4C30}.Debug|x64.Build.0 = Debug|Any CPU
		{51F4DAE8-8E3E-4068-AB8F-50794FBC4C30}.Debug|x86.ActiveCfg = Debug|Any CPU
		{51F4DAE8-8E3E-4068-AB8F-50794FBC4C30}.Debug|x86.Build.0 = Debug|Any CPU
		{51F4DAE8-8E3E-4068-AB8F-50794FBC4C30}.Release|Any CPU.ActiveCfg = Release|Any CPU
		{51F4DAE8-8E3E-4068-AB8F-50794FBC4C30}.Release|Any CPU.Build.0 = Release|Any CPU
		{51F4DAE8-8E3E-4068-AB8F-50794FBC4C30}.Release|ARM.ActiveCfg = Release|Any CPU
		{51F4DAE8-8E3E-4068-AB8F-50794FBC4C30}.Release|ARM.Build.0 = Release|Any CPU
		{51F4DAE8-8E3E-4068-AB8F-50794FBC4C30}.Release|ARM32.ActiveCfg = Release|Any CPU
		{51F4DAE8-8E3E-4068-AB8F-50794FBC4C30}.Release|ARM32.Build.0 = Release|Any CPU
		{51F4DAE8-8E3E-4068-AB8F-50794FBC4C30}.Release|ARM64.ActiveCfg = Release|Any CPU
		{51F4DAE8-8E3E-4068-AB8F-50794FBC4C30}.Release|ARM64.Build.0 = Release|Any CPU
		{51F4DAE8-8E3E-4068-AB8F-50794FBC4C30}.Release|x64.ActiveCfg = Release|Any CPU
		{51F4DAE8-8E3E-4068-AB8F-50794FBC4C30}.Release|x64.Build.0 = Release|Any CPU
		{51F4DAE8-8E3E-4068-AB8F-50794FBC4C30}.Release|x86.ActiveCfg = Release|Any CPU
		{51F4DAE8-8E3E-4068-AB8F-50794FBC4C30}.Release|x86.Build.0 = Release|Any CPU
		{346C13FC-1F04-4123-B357-D0FB9EB7B45B}.Debug|Any CPU.ActiveCfg = Debug|Any CPU
		{346C13FC-1F04-4123-B357-D0FB9EB7B45B}.Debug|Any CPU.Build.0 = Debug|Any CPU
		{346C13FC-1F04-4123-B357-D0FB9EB7B45B}.Debug|Any CPU.Deploy.0 = Debug|Any CPU
		{346C13FC-1F04-4123-B357-D0FB9EB7B45B}.Debug|ARM.ActiveCfg = Debug|ARM
		{346C13FC-1F04-4123-B357-D0FB9EB7B45B}.Debug|ARM.Build.0 = Debug|ARM
		{346C13FC-1F04-4123-B357-D0FB9EB7B45B}.Debug|ARM.Deploy.0 = Debug|ARM
		{346C13FC-1F04-4123-B357-D0FB9EB7B45B}.Debug|ARM32.ActiveCfg = Debug|Any CPU
		{346C13FC-1F04-4123-B357-D0FB9EB7B45B}.Debug|ARM32.Build.0 = Debug|Any CPU
		{346C13FC-1F04-4123-B357-D0FB9EB7B45B}.Debug|ARM32.Deploy.0 = Debug|Any CPU
		{346C13FC-1F04-4123-B357-D0FB9EB7B45B}.Debug|ARM64.ActiveCfg = Debug|ARM64
		{346C13FC-1F04-4123-B357-D0FB9EB7B45B}.Debug|ARM64.Build.0 = Debug|ARM64
		{346C13FC-1F04-4123-B357-D0FB9EB7B45B}.Debug|ARM64.Deploy.0 = Debug|ARM64
		{346C13FC-1F04-4123-B357-D0FB9EB7B45B}.Debug|x64.ActiveCfg = Debug|x64
		{346C13FC-1F04-4123-B357-D0FB9EB7B45B}.Debug|x64.Build.0 = Debug|x64
		{346C13FC-1F04-4123-B357-D0FB9EB7B45B}.Debug|x64.Deploy.0 = Debug|x64
		{346C13FC-1F04-4123-B357-D0FB9EB7B45B}.Debug|x86.ActiveCfg = Debug|x86
		{346C13FC-1F04-4123-B357-D0FB9EB7B45B}.Debug|x86.Build.0 = Debug|x86
		{346C13FC-1F04-4123-B357-D0FB9EB7B45B}.Debug|x86.Deploy.0 = Debug|x86
		{346C13FC-1F04-4123-B357-D0FB9EB7B45B}.Release|Any CPU.ActiveCfg = Release|Any CPU
		{346C13FC-1F04-4123-B357-D0FB9EB7B45B}.Release|Any CPU.Build.0 = Release|Any CPU
		{346C13FC-1F04-4123-B357-D0FB9EB7B45B}.Release|Any CPU.Deploy.0 = Release|Any CPU
		{346C13FC-1F04-4123-B357-D0FB9EB7B45B}.Release|ARM.ActiveCfg = Release|ARM
		{346C13FC-1F04-4123-B357-D0FB9EB7B45B}.Release|ARM.Build.0 = Release|ARM
		{346C13FC-1F04-4123-B357-D0FB9EB7B45B}.Release|ARM.Deploy.0 = Release|ARM
		{346C13FC-1F04-4123-B357-D0FB9EB7B45B}.Release|ARM32.ActiveCfg = Release|Any CPU
		{346C13FC-1F04-4123-B357-D0FB9EB7B45B}.Release|ARM32.Build.0 = Release|Any CPU
		{346C13FC-1F04-4123-B357-D0FB9EB7B45B}.Release|ARM32.Deploy.0 = Release|Any CPU
		{346C13FC-1F04-4123-B357-D0FB9EB7B45B}.Release|ARM64.ActiveCfg = Release|ARM64
		{346C13FC-1F04-4123-B357-D0FB9EB7B45B}.Release|ARM64.Build.0 = Release|ARM64
		{346C13FC-1F04-4123-B357-D0FB9EB7B45B}.Release|ARM64.Deploy.0 = Release|ARM64
		{346C13FC-1F04-4123-B357-D0FB9EB7B45B}.Release|x64.ActiveCfg = Release|x64
		{346C13FC-1F04-4123-B357-D0FB9EB7B45B}.Release|x64.Build.0 = Release|x64
		{346C13FC-1F04-4123-B357-D0FB9EB7B45B}.Release|x64.Deploy.0 = Release|x64
		{346C13FC-1F04-4123-B357-D0FB9EB7B45B}.Release|x86.ActiveCfg = Release|x86
		{346C13FC-1F04-4123-B357-D0FB9EB7B45B}.Release|x86.Build.0 = Release|x86
		{346C13FC-1F04-4123-B357-D0FB9EB7B45B}.Release|x86.Deploy.0 = Release|x86
		{E8594D51-3AAF-4FBF-90B8-EF2564B40193}.Debug|Any CPU.ActiveCfg = Debug|Any CPU
		{E8594D51-3AAF-4FBF-90B8-EF2564B40193}.Debug|Any CPU.Build.0 = Debug|Any CPU
		{E8594D51-3AAF-4FBF-90B8-EF2564B40193}.Debug|ARM.ActiveCfg = Debug|Any CPU
		{E8594D51-3AAF-4FBF-90B8-EF2564B40193}.Debug|ARM.Build.0 = Debug|Any CPU
		{E8594D51-3AAF-4FBF-90B8-EF2564B40193}.Debug|ARM32.ActiveCfg = Debug|Any CPU
		{E8594D51-3AAF-4FBF-90B8-EF2564B40193}.Debug|ARM32.Build.0 = Debug|Any CPU
		{E8594D51-3AAF-4FBF-90B8-EF2564B40193}.Debug|ARM64.ActiveCfg = Debug|Any CPU
		{E8594D51-3AAF-4FBF-90B8-EF2564B40193}.Debug|ARM64.Build.0 = Debug|Any CPU
		{E8594D51-3AAF-4FBF-90B8-EF2564B40193}.Debug|x64.ActiveCfg = Debug|x64
		{E8594D51-3AAF-4FBF-90B8-EF2564B40193}.Debug|x64.Build.0 = Debug|x64
		{E8594D51-3AAF-4FBF-90B8-EF2564B40193}.Debug|x86.ActiveCfg = Debug|Any CPU
		{E8594D51-3AAF-4FBF-90B8-EF2564B40193}.Debug|x86.Build.0 = Debug|Any CPU
		{E8594D51-3AAF-4FBF-90B8-EF2564B40193}.Release|Any CPU.ActiveCfg = Release|Any CPU
		{E8594D51-3AAF-4FBF-90B8-EF2564B40193}.Release|Any CPU.Build.0 = Release|Any CPU
		{E8594D51-3AAF-4FBF-90B8-EF2564B40193}.Release|ARM.ActiveCfg = Release|Any CPU
		{E8594D51-3AAF-4FBF-90B8-EF2564B40193}.Release|ARM.Build.0 = Release|Any CPU
		{E8594D51-3AAF-4FBF-90B8-EF2564B40193}.Release|ARM32.ActiveCfg = Release|Any CPU
		{E8594D51-3AAF-4FBF-90B8-EF2564B40193}.Release|ARM32.Build.0 = Release|Any CPU
		{E8594D51-3AAF-4FBF-90B8-EF2564B40193}.Release|ARM64.ActiveCfg = Release|ARM64
		{E8594D51-3AAF-4FBF-90B8-EF2564B40193}.Release|ARM64.Build.0 = Release|ARM64
		{E8594D51-3AAF-4FBF-90B8-EF2564B40193}.Release|x64.ActiveCfg = Release|x64
		{E8594D51-3AAF-4FBF-90B8-EF2564B40193}.Release|x64.Build.0 = Release|x64
		{E8594D51-3AAF-4FBF-90B8-EF2564B40193}.Release|x86.ActiveCfg = Release|Any CPU
		{E8594D51-3AAF-4FBF-90B8-EF2564B40193}.Release|x86.Build.0 = Release|Any CPU
		{D598E75C-3A4F-4B59-821E-C8E4B0A842BD}.Debug|Any CPU.ActiveCfg = Debug|Any CPU
		{D598E75C-3A4F-4B59-821E-C8E4B0A842BD}.Debug|Any CPU.Build.0 = Debug|Any CPU
		{D598E75C-3A4F-4B59-821E-C8E4B0A842BD}.Debug|ARM.ActiveCfg = Debug|Any CPU
		{D598E75C-3A4F-4B59-821E-C8E4B0A842BD}.Debug|ARM.Build.0 = Debug|Any CPU
		{D598E75C-3A4F-4B59-821E-C8E4B0A842BD}.Debug|ARM32.ActiveCfg = Debug|Any CPU
		{D598E75C-3A4F-4B59-821E-C8E4B0A842BD}.Debug|ARM32.Build.0 = Debug|Any CPU
		{D598E75C-3A4F-4B59-821E-C8E4B0A842BD}.Debug|ARM64.ActiveCfg = Debug|Any CPU
		{D598E75C-3A4F-4B59-821E-C8E4B0A842BD}.Debug|ARM64.Build.0 = Debug|Any CPU
		{D598E75C-3A4F-4B59-821E-C8E4B0A842BD}.Debug|x64.ActiveCfg = Debug|Any CPU
		{D598E75C-3A4F-4B59-821E-C8E4B0A842BD}.Debug|x64.Build.0 = Debug|Any CPU
		{D598E75C-3A4F-4B59-821E-C8E4B0A842BD}.Debug|x86.ActiveCfg = Debug|Any CPU
		{D598E75C-3A4F-4B59-821E-C8E4B0A842BD}.Debug|x86.Build.0 = Debug|Any CPU
		{D598E75C-3A4F-4B59-821E-C8E4B0A842BD}.Release|Any CPU.ActiveCfg = Release|Any CPU
		{D598E75C-3A4F-4B59-821E-C8E4B0A842BD}.Release|Any CPU.Build.0 = Release|Any CPU
		{D598E75C-3A4F-4B59-821E-C8E4B0A842BD}.Release|ARM.ActiveCfg = Release|Any CPU
		{D598E75C-3A4F-4B59-821E-C8E4B0A842BD}.Release|ARM.Build.0 = Release|Any CPU
		{D598E75C-3A4F-4B59-821E-C8E4B0A842BD}.Release|ARM32.ActiveCfg = Release|Any CPU
		{D598E75C-3A4F-4B59-821E-C8E4B0A842BD}.Release|ARM32.Build.0 = Release|Any CPU
		{D598E75C-3A4F-4B59-821E-C8E4B0A842BD}.Release|ARM64.ActiveCfg = Release|Any CPU
		{D598E75C-3A4F-4B59-821E-C8E4B0A842BD}.Release|ARM64.Build.0 = Release|Any CPU
		{D598E75C-3A4F-4B59-821E-C8E4B0A842BD}.Release|x64.ActiveCfg = Release|Any CPU
		{D598E75C-3A4F-4B59-821E-C8E4B0A842BD}.Release|x64.Build.0 = Release|Any CPU
		{D598E75C-3A4F-4B59-821E-C8E4B0A842BD}.Release|x86.ActiveCfg = Release|Any CPU
		{D598E75C-3A4F-4B59-821E-C8E4B0A842BD}.Release|x86.Build.0 = Release|Any CPU
		{7516B056-CA65-4000-A675-A645CFCBA60E}.Debug|Any CPU.ActiveCfg = Debug|Any CPU
		{7516B056-CA65-4000-A675-A645CFCBA60E}.Debug|Any CPU.Build.0 = Debug|Any CPU
		{7516B056-CA65-4000-A675-A645CFCBA60E}.Debug|ARM.ActiveCfg = Debug|Any CPU
		{7516B056-CA65-4000-A675-A645CFCBA60E}.Debug|ARM.Build.0 = Debug|Any CPU
		{7516B056-CA65-4000-A675-A645CFCBA60E}.Debug|ARM32.ActiveCfg = Debug|Any CPU
		{7516B056-CA65-4000-A675-A645CFCBA60E}.Debug|ARM32.Build.0 = Debug|Any CPU
		{7516B056-CA65-4000-A675-A645CFCBA60E}.Debug|ARM64.ActiveCfg = Debug|Any CPU
		{7516B056-CA65-4000-A675-A645CFCBA60E}.Debug|ARM64.Build.0 = Debug|Any CPU
		{7516B056-CA65-4000-A675-A645CFCBA60E}.Debug|x64.ActiveCfg = Debug|x64
		{7516B056-CA65-4000-A675-A645CFCBA60E}.Debug|x64.Build.0 = Debug|x64
		{7516B056-CA65-4000-A675-A645CFCBA60E}.Debug|x86.ActiveCfg = Debug|Any CPU
		{7516B056-CA65-4000-A675-A645CFCBA60E}.Debug|x86.Build.0 = Debug|Any CPU
		{7516B056-CA65-4000-A675-A645CFCBA60E}.Release|Any CPU.ActiveCfg = Release|Any CPU
		{7516B056-CA65-4000-A675-A645CFCBA60E}.Release|Any CPU.Build.0 = Release|Any CPU
		{7516B056-CA65-4000-A675-A645CFCBA60E}.Release|ARM.ActiveCfg = Release|Any CPU
		{7516B056-CA65-4000-A675-A645CFCBA60E}.Release|ARM.Build.0 = Release|Any CPU
		{7516B056-CA65-4000-A675-A645CFCBA60E}.Release|ARM32.ActiveCfg = Release|Any CPU
		{7516B056-CA65-4000-A675-A645CFCBA60E}.Release|ARM32.Build.0 = Release|Any CPU
		{7516B056-CA65-4000-A675-A645CFCBA60E}.Release|ARM64.ActiveCfg = Release|ARM64
		{7516B056-CA65-4000-A675-A645CFCBA60E}.Release|ARM64.Build.0 = Release|ARM64
		{7516B056-CA65-4000-A675-A645CFCBA60E}.Release|x64.ActiveCfg = Release|x64
		{7516B056-CA65-4000-A675-A645CFCBA60E}.Release|x64.Build.0 = Release|x64
		{7516B056-CA65-4000-A675-A645CFCBA60E}.Release|x86.ActiveCfg = Release|Any CPU
		{7516B056-CA65-4000-A675-A645CFCBA60E}.Release|x86.Build.0 = Release|Any CPU
		{0FF78864-1B9A-4BAB-8D65-76FB95663468}.Debug|Any CPU.ActiveCfg = Debug|Any CPU
		{0FF78864-1B9A-4BAB-8D65-76FB95663468}.Debug|Any CPU.Build.0 = Debug|Any CPU
		{0FF78864-1B9A-4BAB-8D65-76FB95663468}.Debug|ARM.ActiveCfg = Debug|Any CPU
		{0FF78864-1B9A-4BAB-8D65-76FB95663468}.Debug|ARM.Build.0 = Debug|Any CPU
		{0FF78864-1B9A-4BAB-8D65-76FB95663468}.Debug|ARM32.ActiveCfg = Debug|Any CPU
		{0FF78864-1B9A-4BAB-8D65-76FB95663468}.Debug|ARM32.Build.0 = Debug|Any CPU
		{0FF78864-1B9A-4BAB-8D65-76FB95663468}.Debug|ARM64.ActiveCfg = Debug|Any CPU
		{0FF78864-1B9A-4BAB-8D65-76FB95663468}.Debug|ARM64.Build.0 = Debug|Any CPU
		{0FF78864-1B9A-4BAB-8D65-76FB95663468}.Debug|x64.ActiveCfg = Debug|Any CPU
		{0FF78864-1B9A-4BAB-8D65-76FB95663468}.Debug|x64.Build.0 = Debug|Any CPU
		{0FF78864-1B9A-4BAB-8D65-76FB95663468}.Debug|x86.ActiveCfg = Debug|Any CPU
		{0FF78864-1B9A-4BAB-8D65-76FB95663468}.Debug|x86.Build.0 = Debug|Any CPU
		{0FF78864-1B9A-4BAB-8D65-76FB95663468}.Release|Any CPU.ActiveCfg = Release|Any CPU
		{0FF78864-1B9A-4BAB-8D65-76FB95663468}.Release|Any CPU.Build.0 = Release|Any CPU
		{0FF78864-1B9A-4BAB-8D65-76FB95663468}.Release|ARM.ActiveCfg = Release|Any CPU
		{0FF78864-1B9A-4BAB-8D65-76FB95663468}.Release|ARM.Build.0 = Release|Any CPU
		{0FF78864-1B9A-4BAB-8D65-76FB95663468}.Release|ARM32.ActiveCfg = Release|Any CPU
		{0FF78864-1B9A-4BAB-8D65-76FB95663468}.Release|ARM32.Build.0 = Release|Any CPU
		{0FF78864-1B9A-4BAB-8D65-76FB95663468}.Release|ARM64.ActiveCfg = Release|Any CPU
		{0FF78864-1B9A-4BAB-8D65-76FB95663468}.Release|ARM64.Build.0 = Release|Any CPU
		{0FF78864-1B9A-4BAB-8D65-76FB95663468}.Release|x64.ActiveCfg = Release|Any CPU
		{0FF78864-1B9A-4BAB-8D65-76FB95663468}.Release|x64.Build.0 = Release|Any CPU
		{0FF78864-1B9A-4BAB-8D65-76FB95663468}.Release|x86.ActiveCfg = Release|Any CPU
		{0FF78864-1B9A-4BAB-8D65-76FB95663468}.Release|x86.Build.0 = Release|Any CPU
		{925C96AE-83A4-4FF4-81F3-C9B58F98F036}.Debug|Any CPU.ActiveCfg = Debug|Any CPU
		{925C96AE-83A4-4FF4-81F3-C9B58F98F036}.Debug|Any CPU.Build.0 = Debug|Any CPU
		{925C96AE-83A4-4FF4-81F3-C9B58F98F036}.Debug|ARM.ActiveCfg = Debug|Any CPU
		{925C96AE-83A4-4FF4-81F3-C9B58F98F036}.Debug|ARM.Build.0 = Debug|Any CPU
		{925C96AE-83A4-4FF4-81F3-C9B58F98F036}.Debug|ARM32.ActiveCfg = Debug|Any CPU
		{925C96AE-83A4-4FF4-81F3-C9B58F98F036}.Debug|ARM32.Build.0 = Debug|Any CPU
		{925C96AE-83A4-4FF4-81F3-C9B58F98F036}.Debug|ARM64.ActiveCfg = Debug|Any CPU
		{925C96AE-83A4-4FF4-81F3-C9B58F98F036}.Debug|ARM64.Build.0 = Debug|Any CPU
		{925C96AE-83A4-4FF4-81F3-C9B58F98F036}.Debug|x64.ActiveCfg = Debug|Any CPU
		{925C96AE-83A4-4FF4-81F3-C9B58F98F036}.Debug|x64.Build.0 = Debug|Any CPU
		{925C96AE-83A4-4FF4-81F3-C9B58F98F036}.Debug|x86.ActiveCfg = Debug|Any CPU
		{925C96AE-83A4-4FF4-81F3-C9B58F98F036}.Debug|x86.Build.0 = Debug|Any CPU
		{925C96AE-83A4-4FF4-81F3-C9B58F98F036}.Release|Any CPU.ActiveCfg = Release|Any CPU
		{925C96AE-83A4-4FF4-81F3-C9B58F98F036}.Release|Any CPU.Build.0 = Release|Any CPU
		{925C96AE-83A4-4FF4-81F3-C9B58F98F036}.Release|ARM.ActiveCfg = Release|Any CPU
		{925C96AE-83A4-4FF4-81F3-C9B58F98F036}.Release|ARM.Build.0 = Release|Any CPU
		{925C96AE-83A4-4FF4-81F3-C9B58F98F036}.Release|ARM32.ActiveCfg = Release|Any CPU
		{925C96AE-83A4-4FF4-81F3-C9B58F98F036}.Release|ARM32.Build.0 = Release|Any CPU
		{925C96AE-83A4-4FF4-81F3-C9B58F98F036}.Release|ARM64.ActiveCfg = Release|Any CPU
		{925C96AE-83A4-4FF4-81F3-C9B58F98F036}.Release|ARM64.Build.0 = Release|Any CPU
		{925C96AE-83A4-4FF4-81F3-C9B58F98F036}.Release|x64.ActiveCfg = Release|Any CPU
		{925C96AE-83A4-4FF4-81F3-C9B58F98F036}.Release|x64.Build.0 = Release|Any CPU
		{925C96AE-83A4-4FF4-81F3-C9B58F98F036}.Release|x86.ActiveCfg = Release|Any CPU
		{925C96AE-83A4-4FF4-81F3-C9B58F98F036}.Release|x86.Build.0 = Release|Any CPU
		{1B5D689E-14BF-40F8-BB16-977CC53D1C67}.Debug|Any CPU.ActiveCfg = Debug|Any CPU
		{1B5D689E-14BF-40F8-BB16-977CC53D1C67}.Debug|Any CPU.Build.0 = Debug|Any CPU
		{1B5D689E-14BF-40F8-BB16-977CC53D1C67}.Debug|ARM.ActiveCfg = Debug|Any CPU
		{1B5D689E-14BF-40F8-BB16-977CC53D1C67}.Debug|ARM.Build.0 = Debug|Any CPU
		{1B5D689E-14BF-40F8-BB16-977CC53D1C67}.Debug|ARM32.ActiveCfg = Debug|Any CPU
		{1B5D689E-14BF-40F8-BB16-977CC53D1C67}.Debug|ARM32.Build.0 = Debug|Any CPU
		{1B5D689E-14BF-40F8-BB16-977CC53D1C67}.Debug|ARM64.ActiveCfg = Debug|Any CPU
		{1B5D689E-14BF-40F8-BB16-977CC53D1C67}.Debug|ARM64.Build.0 = Debug|Any CPU
		{1B5D689E-14BF-40F8-BB16-977CC53D1C67}.Debug|x64.ActiveCfg = Debug|Any CPU
		{1B5D689E-14BF-40F8-BB16-977CC53D1C67}.Debug|x64.Build.0 = Debug|Any CPU
		{1B5D689E-14BF-40F8-BB16-977CC53D1C67}.Debug|x86.ActiveCfg = Debug|Any CPU
		{1B5D689E-14BF-40F8-BB16-977CC53D1C67}.Debug|x86.Build.0 = Debug|Any CPU
		{1B5D689E-14BF-40F8-BB16-977CC53D1C67}.Release|Any CPU.ActiveCfg = Release|Any CPU
		{1B5D689E-14BF-40F8-BB16-977CC53D1C67}.Release|Any CPU.Build.0 = Release|Any CPU
		{1B5D689E-14BF-40F8-BB16-977CC53D1C67}.Release|ARM.ActiveCfg = Release|Any CPU
		{1B5D689E-14BF-40F8-BB16-977CC53D1C67}.Release|ARM.Build.0 = Release|Any CPU
		{1B5D689E-14BF-40F8-BB16-977CC53D1C67}.Release|ARM32.ActiveCfg = Release|Any CPU
		{1B5D689E-14BF-40F8-BB16-977CC53D1C67}.Release|ARM32.Build.0 = Release|Any CPU
		{1B5D689E-14BF-40F8-BB16-977CC53D1C67}.Release|ARM64.ActiveCfg = Release|Any CPU
		{1B5D689E-14BF-40F8-BB16-977CC53D1C67}.Release|ARM64.Build.0 = Release|Any CPU
		{1B5D689E-14BF-40F8-BB16-977CC53D1C67}.Release|x64.ActiveCfg = Release|Any CPU
		{1B5D689E-14BF-40F8-BB16-977CC53D1C67}.Release|x64.Build.0 = Release|Any CPU
		{1B5D689E-14BF-40F8-BB16-977CC53D1C67}.Release|x86.ActiveCfg = Release|Any CPU
		{1B5D689E-14BF-40F8-BB16-977CC53D1C67}.Release|x86.Build.0 = Release|Any CPU
		{4CB70F3F-6A60-4F72-88F8-3A1D832AFF66}.Debug|Any CPU.ActiveCfg = Debug|Any CPU
		{4CB70F3F-6A60-4F72-88F8-3A1D832AFF66}.Debug|Any CPU.Build.0 = Debug|Any CPU
		{4CB70F3F-6A60-4F72-88F8-3A1D832AFF66}.Debug|ARM.ActiveCfg = Debug|Any CPU
		{4CB70F3F-6A60-4F72-88F8-3A1D832AFF66}.Debug|ARM.Build.0 = Debug|Any CPU
		{4CB70F3F-6A60-4F72-88F8-3A1D832AFF66}.Debug|ARM32.ActiveCfg = Debug|Any CPU
		{4CB70F3F-6A60-4F72-88F8-3A1D832AFF66}.Debug|ARM32.Build.0 = Debug|Any CPU
		{4CB70F3F-6A60-4F72-88F8-3A1D832AFF66}.Debug|ARM64.ActiveCfg = Debug|Any CPU
		{4CB70F3F-6A60-4F72-88F8-3A1D832AFF66}.Debug|ARM64.Build.0 = Debug|Any CPU
		{4CB70F3F-6A60-4F72-88F8-3A1D832AFF66}.Debug|x64.ActiveCfg = Debug|Any CPU
		{4CB70F3F-6A60-4F72-88F8-3A1D832AFF66}.Debug|x64.Build.0 = Debug|Any CPU
		{4CB70F3F-6A60-4F72-88F8-3A1D832AFF66}.Debug|x86.ActiveCfg = Debug|Any CPU
		{4CB70F3F-6A60-4F72-88F8-3A1D832AFF66}.Debug|x86.Build.0 = Debug|Any CPU
		{4CB70F3F-6A60-4F72-88F8-3A1D832AFF66}.Release|Any CPU.ActiveCfg = Release|Any CPU
		{4CB70F3F-6A60-4F72-88F8-3A1D832AFF66}.Release|Any CPU.Build.0 = Release|Any CPU
		{4CB70F3F-6A60-4F72-88F8-3A1D832AFF66}.Release|ARM.ActiveCfg = Release|Any CPU
		{4CB70F3F-6A60-4F72-88F8-3A1D832AFF66}.Release|ARM.Build.0 = Release|Any CPU
		{4CB70F3F-6A60-4F72-88F8-3A1D832AFF66}.Release|ARM32.ActiveCfg = Release|Any CPU
		{4CB70F3F-6A60-4F72-88F8-3A1D832AFF66}.Release|ARM32.Build.0 = Release|Any CPU
		{4CB70F3F-6A60-4F72-88F8-3A1D832AFF66}.Release|ARM64.ActiveCfg = Release|Any CPU
		{4CB70F3F-6A60-4F72-88F8-3A1D832AFF66}.Release|ARM64.Build.0 = Release|Any CPU
		{4CB70F3F-6A60-4F72-88F8-3A1D832AFF66}.Release|x64.ActiveCfg = Release|Any CPU
		{4CB70F3F-6A60-4F72-88F8-3A1D832AFF66}.Release|x64.Build.0 = Release|Any CPU
		{4CB70F3F-6A60-4F72-88F8-3A1D832AFF66}.Release|x86.ActiveCfg = Release|Any CPU
		{4CB70F3F-6A60-4F72-88F8-3A1D832AFF66}.Release|x86.Build.0 = Release|Any CPU
		{A3B7E9C1-2D4F-4A6B-8C0E-5F1A9B3D7E52}.Debug|Any CPU.ActiveCfg = Debug|Any CPU
		{A3B7E9C1-2D4F-4A6B-8C0E-5F1A9B3D7E52}.Debug|Any CPU.Build.0 = Debug|Any CPU
		{A3B7E9C1-2D4F-4A6B-8C0E-5F1A9B3D7E52}.Debug|ARM.ActiveCfg = Debug|Any CPU
		{A3B7E9C1-2D4F-4A6B-8C0E-5F1A9B3D7E52}.Debug|ARM.Build.0 = Debug|Any CPU
		{A3B7E9C1-2D4F-4A6B-8C0E-5F1A9B3D7E52}.Debug|ARM32.ActiveCfg = Debug|Any CPU
		{A3B7E9C1-2D4F-4A6B-8C0E-5F1A9B3D7E52}.Debug|ARM32.Build.0 = Debug|Any CPU
		{A3B7E9C1-2D4F-4A6B-8C0E-5F1A9B3D7E52}.Debug|ARM64.ActiveCfg = Debug|Any CPU
		{A3B7E9C1-2D4F-4A6B-8C0E-5F1A9B3D7E52}.Debug|ARM64.Build.0 = Debug|Any CPU
		{A3B7E9C1-2D4F-4A6B-8C0E-5F1A9B3D7E52}.Debug|x64.ActiveCfg = Debug|Any CPU
		{A3B7E9C1-2D4F-4A6B-8C0E-5F1A9B3D7E52}.Debug|x64.Build.0 = Debug|Any CPU
		{A3B7E9C1-2D4F-4A6B-8C0E-5F1A9B3D7E52}.Debug|x86.ActiveCfg = Debug|Any CPU
		{A3B7E9C1-2D4F-4A6B-8C0E-5F1A9B3D7E52}.Debug|x86.Build.0 = Debug|Any CPU
		{A3B7E9C1-2D4F-4A6B-8C0E-5F1A9B3D7E52}.Release|Any CPU.ActiveCfg = Release|Any CPU
		{A3B7E9C1-2D4F-4A6B-8C0E-5F1A9B3D7E52}.Release|Any CPU.Build.0 = Release|Any CPU
		{A3B7E9C1-2D4F-4A6B-8C0E-5F1A9B3D7E52}.Release|ARM.ActiveCfg = Release|Any CPU
		{A3B7E9C1-2D4F-4A6B-8C0E-5F1A9B3D7E52}.Release|ARM.Build.0 = Release|Any CPU
		{A3B7E9C1-2D4F-4A6B-8C0E-5F1A9B3D7E52}.Release|ARM32.ActiveCfg = Release|Any CPU
		{A3B7E9C1-2D4F-4A6B-8C0E-5F1A9B3D7E52}.Release|ARM32.Build.0 = Release|Any CPU
		{A3B7E9C1-2D4F-4A6B-8C0E-5F1A9B3D7E52}.Release|ARM64.ActiveCfg = Release|Any CPU
		{A3B7E9C1-2D4F-4A6B-8C0E-5F1A9B3D7E52}.Release|ARM64.Build.0 = Release|Any CPU
		{A3B7E9C1-2D4F-4A6B-8C0E-5F1A9B3D7E52}.Release|x64.ActiveCfg = Release|Any CPU
		{A3B7E9C1-2D4F-4A6B-8C0E-5F1A9B3D7E52}.Release|x64.Build.0 = Release|Any CPU
		{A3B7E9C1-2D4F-4A6B-8C0E-5F1A9B3D7E52}.Release|x86.ActiveCfg = Release|Any CPU
		{A3B7E9C1-2D4F-4A6B-8C0E-5F1A9B3D7E52}.Release|x86.Build.0 = Release|Any CPU
		{33F6064E-13F8-4F8C-A29A-E5A8D1450463}.Debug|Any CPU.ActiveCfg = Debug|Any CPU
		{33F6064E-13F8-4F8C-A29A-E5A8D1450463}.Debug|Any CPU.Build.0 = Debug|Any CPU
		{33F6064E-13F8-4F8C-A29A-E5A8D1450463}.Debug|ARM.ActiveCfg = Debug|Any CPU
		{33F6064E-13F8-4F8C-A29A-E5A8D1450463}.Debug|ARM.Build.0 = Debug|Any CPU
		{33F6064E-13F8-4F8C-A29A-E5A8D1450463}.Debug|ARM32.ActiveCfg = Debug|Any CPU
		{33F6064E-13F8-4F8C-A29A-E5A8D1450463}.Debug|ARM32.Build.0 = Debug|Any CPU
		{33F6064E-13F8-4F8C-A29A-E5A8D1450463}.Debug|ARM64.ActiveCfg = Debug|Any CPU
		{33F6064E-13F8-4F8C-A29A-E5A8D1450463}.Debug|ARM64.Build.0 = Debug|Any CPU
		{33F6064E-13F8-4F8C-A29A-E5A8D1450463}.Debug|x64.ActiveCfg = Debug|Any CPU
		{33F6064E-13F8-4F8C-A29A-E5A8D1450463}.Debug|x64.Build.0 = Debug|Any CPU
		{33F6064E-13F8-4F8C-A29A-E5A8D1450463}.Debug|x86.ActiveCfg = Debug|Any CPU
		{33F6064E-13F8-4F8C-A29A-E5A8D1450463}.Debug|x86.Build.0 = Debug|Any CPU
		{33F6064E-13F8-4F8C-A29A-E5A8D1450463}.Release|Any CPU.ActiveCfg = Release|Any CPU
		{33F6064E-13F8-4F8C-A29A-E5A8D1450463}.Release|Any CPU.Build.0 = Release|Any CPU
		{33F6064E-13F8-4F8C-A29A-E5A8D1450463}.Release|ARM.ActiveCfg = Release|Any CPU
		{33F6064E-13F8-4F8C-A29A-E5A8D1450463}.Release|ARM.Build.0 = Release|Any CPU
		{33F6064E-13F8-4F8C-A29A-E5A8D1450463}.Release|ARM32.ActiveCfg = Release|Any CPU
		{33F6064E-13F8-4F8C-A29A-E5A8D1450463}.Release|ARM32.Build.0 = Release|Any CPU
		{33F6064E-13F8-4F8C-A29A-E5A8D1450463}.Release|ARM64.ActiveCfg = Release|Any CPU
		{33F6064E-13F8-4F8C-A29A-E5A8D1450463}.Release|ARM64.Build.0 = Release|Any CPU
		{33F6064E-13F8-4F8C-A29A-E5A8D1450463}.Release|x64.ActiveCfg = Release|Any CPU
		{33F6064E-13F8-4F8C-A29A-E5A8D1450463}.Release|x64.Build.0 = Release|Any CPU
		{33F6064E-13F8-4F8C-A29A-E5A8D1450463}.Release|x86.ActiveCfg = Release|Any CPU
		{33F6064E-13F8-4F8C-A29A-E5A8D1450463}.Release|x86.Build.0 = Release|Any CPU
		{F3B1F691-ABED-4000-AB61-CD4BA8C976CE}.Debug|Any CPU.ActiveCfg = Debug|Any CPU
		{F3B1F691-ABED-4000-AB61-CD4BA8C976CE}.Debug|Any CPU.Build.0 = Debug|Any CPU
		{F3B1F691-ABED-4000-AB61-CD4BA8C976CE}.Debug|ARM.ActiveCfg = Debug|Any CPU
		{F3B1F691-ABED-4000-AB61-CD4BA8C976CE}.Debug|ARM.Build.0 = Debug|Any CPU
		{F3B1F691-ABED-4000-AB61-CD4BA8C976CE}.Debug|ARM32.ActiveCfg = Debug|Any CPU
		{F3B1F691-ABED-4000-AB61-CD4BA8C976CE}.Debug|ARM32.Build.0 = Debug|Any CPU
		{F3B1F691-ABED-4000-AB61-CD4BA8C976CE}.Debug|ARM64.ActiveCfg = Debug|Any CPU
		{F3B1F691-ABED-4000-AB61-CD4BA8C976CE}.Debug|ARM64.Build.0 = Debug|Any CPU
		{F3B1F691-ABED-4000-AB61-CD4BA8C976CE}.Debug|x64.ActiveCfg = Debug|Any CPU
		{F3B1F691-ABED-4000-AB61-CD4BA8C976CE}.Debug|x64.Build.0 = Debug|Any CPU
		{F3B1F691-ABED-4000-AB61-CD4BA8C976CE}.Debug|x86.ActiveCfg = Debug|Any CPU
		{F3B1F691-ABED-4000-AB61-CD4BA8C976CE}.Debug|x86.Build.0 = Debug|Any CPU
		{F3B1F691-ABED-4000-AB61-CD4BA8C976CE}.Release|Any CPU.ActiveCfg = Release|Any CPU
		{F3B1F691-ABED-4000-AB61-CD4BA8C976CE}.Release|Any CPU.Build.0 = Release|Any CPU
		{F3B1F691-ABED-4000-AB61-CD4BA8C976CE}.Release|ARM.ActiveCfg = Release|Any CPU
		{F3B1F691-ABED-4000-AB61-CD4BA8C976CE}.Release|ARM.Build.0 = Release|Any CPU
		{F3B1F691-ABED-4000-AB61-CD4BA8C976CE}.Release|ARM32.ActiveCfg = Release|Any CPU
		{F3B1F691-ABED-4000-AB61-CD4BA8C976CE}.Release|ARM32.Build.0 = Release|Any CPU
		{F3B1F691-ABED-4000-AB61-CD4BA8C976CE}.Release|ARM64.ActiveCfg = Release|Any CPU
		{F3B1F691-ABED-4000-AB61-CD4BA8C976CE}.Release|ARM64.Build.0 = Release|Any CPU
		{F3B1F691-ABED-4000-AB61-CD4BA8C976CE}.Release|x64.ActiveCfg = Release|Any CPU
		{F3B1F691-ABED-4000-AB61-CD4BA8C976CE}.Release|x64.Build.0 = Release|Any CPU
		{F3B1F691-ABED-4000-AB61-CD4BA8C976CE}.Release|x86.ActiveCfg = Release|Any CPU
		{F3B1F691-ABED-4000-AB61-CD4BA8C976CE}.Release|x86.Build.0 = Release|Any CPU
		{CF7B2E50-F615-4971-B36B-8A4E4B5274F5}.Debug|Any CPU.ActiveCfg = Debug|Any CPU
		{CF7B2E50-F615-4971-B36B-8A4E4B5274F5}.Debug|Any CPU.Build.0 = Debug|Any CPU
		{CF7B2E50-F615-4971-B36B-8A4E4B5274F5}.Debug|ARM.ActiveCfg = Debug|Any CPU
		{CF7B2E50-F615-4971-B36B-8A4E4B5274F5}.Debug|ARM.Build.0 = Debug|Any CPU
		{CF7B2E50-F615-4971-B36B-8A4E4B5274F5}.Debug|ARM32.ActiveCfg = Debug|Any CPU
		{CF7B2E50-F615-4971-B36B-8A4E4B5274F5}.Debug|ARM32.Build.0 = Debug|Any CPU
		{CF7B2E50-F615-4971-B36B-8A4E4B5274F5}.Debug|ARM64.ActiveCfg = Debug|Any CPU
		{CF7B2E50-F615-4971-B36B-8A4E4B5274F5}.Debug|ARM64.Build.0 = Debug|Any CPU
		{CF7B2E50-F615-4971-B36B-8A4E4B5274F5}.Debug|x64.ActiveCfg = Debug|Any CPU
		{CF7B2E50-F615-4971-B36B-8A4E4B5274F5}.Debug|x64.Build.0 = Debug|Any CPU
		{CF7B2E50-F615-4971-B36B-8A4E4B5274F5}.Debug|x86.ActiveCfg = Debug|Any CPU
		{CF7B2E50-F615-4971-B36B-8A4E4B5274F5}.Debug|x86.Build.0 = Debug|Any CPU
		{CF7B2E50-F615-4971-B36B-8A4E4B5274F5}.Release|Any CPU.ActiveCfg = Release|Any CPU
		{CF7B2E50-F615-4971-B36B-8A4E4B5274F5}.Release|Any CPU.Build.0 = Release|Any CPU
		{CF7B2E50-F615-4971-B36B-8A4E4B5274F5}.Release|ARM.ActiveCfg = Release|Any CPU
		{CF7B2E50-F615-4971-B36B-8A4E4B5274F5}.Release|ARM.Build.0 = Release|Any CPU
		{CF7B2E50-F615-4971-B36B-8A4E4B5274F5}.Release|ARM32.ActiveCfg = Release|Any CPU
		{CF7B2E50-F615-4971-B36B-8A4E4B5274F5}.Release|ARM32.Build.0 = Release|Any CPU
		{CF7B2E50-F615-4971-B36B-8A4E4B5274F5}.Release|ARM64.ActiveCfg = Release|Any CPU
		{CF7B2E50-F615-4971-B36B-8A4E4B5274F5}.Release|ARM64.Build.0 = Release|Any CPU
		{CF7B2E50-F615-4971-B36B-8A4E4B5274F5}.Release|x64.ActiveCfg = Release|Any CPU
		{CF7B2E50-F615-4971-B36B-8A4E4B5274F5}.Release|x64.Build.0 = Release|Any CPU
		{CF7B2E50-F615-4971-B36B-8A4E4B5274F5}.Release|x86.ActiveCfg = Release|Any CPU
		{CF7B2E50-F615-4971-B36B-8A4E4B5274F5}.Release|x86.Build.0 = Release|Any CPU
		{32A4642D-B504-421B-9E84-6CB4222230E0}.Debug|Any CPU.ActiveCfg = Debug|Any CPU
		{32A4642D-B504-421B-9E84-6CB4222230E0}.Debug|Any CPU.Build.0 = Debug|Any CPU
		{32A4642D-B504-421B-9E84-6CB4222230E0}.Debug|ARM.ActiveCfg = Debug|Any CPU
		{32A4642D-B504-421B-9E84-6CB4222230E0}.Debug|ARM.Build.0 = Debug|Any CPU
		{32A4642D-B504-421B-9E84-6CB4222230E0}.Debug|ARM32.ActiveCfg = Debug|Any CPU
		{32A4642D-B504-421B-9E84-6CB4222230E0}.Debug|ARM32.Build.0 = Debug|Any CPU
		{32A4642D-B504-421B-9E84-6CB4222230E0}.Debug|ARM64.ActiveCfg = Debug|Any CPU
		{32A4642D-B504-421B-9E84-6CB4222230E0}.Debug|ARM64.Build.0 = Debug|Any CPU
		{32A4642D-B504-421B-9E84-6CB4222230E0}.Debug|x64.ActiveCfg = Debug|Any CPU
		{32A4642D-B504-421B-9E84-6CB4222230E0}.Debug|x64.Build.0 = Debug|Any CPU
		{32A4642D-B504-421B-9E84-6CB4222230E0}.Debug|x86.ActiveCfg = Debug|Any CPU
		{32A4642D-B504-421B-9E84-6CB4222230E0}.Debug|x86.Build.0 = Debug|Any CPU
		{32A4642D-B504-421B-9E84-6CB4222230E0}.Release|Any CPU.ActiveCfg = Release|Any CPU
		{32A4642D-B504-421B-9E84-6CB4222230E0}.Release|Any CPU.Build.0 = Release|Any CPU
		{32A4642D-B504-421B-9E84-6CB4222230E0}.Release|ARM.ActiveCfg = Release|Any CPU
		{32A4642D-B504-421B-9E84-6CB4222230E0}.Release|ARM.Build.0 = Release|Any CPU
		{32A4642D-B504-421B-9E84-6CB4222230E0}.Release|ARM32.ActiveCfg = Release|Any CPU
		{32A4642D-B504-421B-9E84-6CB4222230E0}.Release|ARM32.Build.0 = Release|Any CPU
		{32A4642D-B504-421B-9E84-6CB4222230E0}.Release|ARM64.ActiveCfg = Release|Any CPU
		{32A4642D-B504-421B-9E84-6CB4222230E0}.Release|ARM64.Build.0 = Release|Any CPU
		{32A4642D-B504-421B-9E84-6CB4222230E0}.Release|x64.ActiveCfg = Release|Any CPU
		{32A4642D-B504-421B-9E84-6CB4222230E0}.Release|x64.Build.0 = Release|Any CPU
		{32A4642D-B504-421B-9E84-6CB4222230E0}.Release|x86.ActiveCfg = Release|Any CPU
		{32A4642D-B504-421B-9E84-6CB4222230E0}.Release|x86.Build.0 = Release|Any CPU
		{A6D1B40D-6B08-4E17-9E9F-4A0B0AE18E2F}.Debug|Any CPU.ActiveCfg = Debug|Any CPU
		{A6D1B40D-6B08-4E17-9E9F-4A0B0AE18E2F}.Debug|Any CPU.Build.0 = Debug|Any CPU
		{A6D1B40D-6B08-4E17-9E9F-4A0B0AE18E2F}.Debug|ARM.ActiveCfg = Debug|Any CPU
		{A6D1B40D-6B08-4E17-9E9F-4A0B0AE18E2F}.Debug|ARM.Build.0 = Debug|Any CPU
		{A6D1B40D-6B08-4E17-9E9F-4A0B0AE18E2F}.Debug|ARM32.ActiveCfg = Debug|Any CPU
		{A6D1B40D-6B08-4E17-9E9F-4A0B0AE18E2F}.Debug|ARM32.Build.0 = Debug|Any CPU
		{A6D1B40D-6B08-4E17-9E9F-4A0B0AE18E2F}.Debug|ARM64.ActiveCfg = Debug|Any CPU
		{A6D1B40D-6B08-4E17-9E9F-4A0B0AE18E2F}.Debug|ARM64.Build.0 = Debug|Any CPU
		{A6D1B40D-6B08-4E17-9E9F-4A0B0AE18E2F}.Debug|x64.ActiveCfg = Debug|Any CPU
		{A6D1B40D-6B08-4E17-9E9F-4A0B0AE18E2F}.Debug|x64.Build.0 = Debug|Any CPU
		{A6D1B40D-6B08-4E17-9E9F-4A0B0AE18E2F}.Debug|x86.ActiveCfg = Debug|Any CPU
		{A6D1B40D-6B08-4E17-9E9F-4A0B0AE18E2F}.Debug|x86.Build.0 = Debug|Any CPU
		{A6D1B40D-6B08-4E17-9E9F-4A0B0AE18E2F}.Release|Any CPU.ActiveCfg = Release|Any CPU
		{A6D1B40D-6B08-4E17-9E9F-4A0B0AE18E2F}.Release|Any CPU.Build.0 = Release|Any CPU
		{A6D1B40D-6B08-4E17-9E9F-4A0B0AE18E2F}.Release|ARM.ActiveCfg = Release|Any CPU
		{A6D1B40D-6B08-4E17-9E9F-4A0B0AE18E2F}.Release|ARM.Build.0 = Release|Any CPU
		{A6D1B40D-6B08-4E17-9E9F-4A0B0AE18E2F}.Release|ARM32.ActiveCfg = Release|Any CPU
		{A6D1B40D-6B08-4E17-9E9F-4A0B0AE18E2F}.Release|ARM32.Build.0 = Release|Any CPU
		{A6D1B40D-6B08-4E17-9E9F-4A0B0AE18E2F}.Release|ARM64.ActiveCfg = Release|Any CPU
		{A6D1B40D-6B08-4E17-9E9F-4A0B0AE18E2F}.Release|ARM64.Build.0 = Release|Any CPU
		{A6D1B40D-6B08-4E17-9E9F-4A0B0AE18E2F}.Release|x64.ActiveCfg = Release|Any CPU
		{A6D1B40D-6B08-4E17-9E9F-4A0B0AE18E2F}.Release|x64.Build.0 = Release|Any CPU
		{A6D1B40D-6B08-4E17-9E9F-4A0B0AE18E2F}.Release|x86.ActiveCfg = Release|Any CPU
		{A6D1B40D-6B08-4E17-9E9F-4A0B0AE18E2F}.Release|x86.Build.0 = Release|Any CPU
		{B7E2C51E-7C19-4F28-AFA0-5B1C1BF29F30}.Debug|Any CPU.ActiveCfg = Debug|Any CPU
		{B7E2C51E-7C19-4F28-AFA0-5B1C1BF29F30}.Debug|Any CPU.Build.0 = Debug|Any CPU
		{B7E2C51E-7C19-4F28-AFA0-5B1C1BF29F30}.Debug|ARM.ActiveCfg = Debug|Any CPU
		{B7E2C51E-7C19-4F28-AFA0-5B1C1BF29F30}.Debug|ARM.Build.0 = Debug|Any CPU
		{B7E2C51E-7C19-4F28-AFA0-5B1C1BF29F30}.Debug|ARM32.ActiveCfg = Debug|Any CPU
		{B7E2C51E-7C19-4F28-AFA0-5B1C1BF29F30}.Debug|ARM32.Build.0 = Debug|Any CPU
		{B7E2C51E-7C19-4F28-AFA0-5B1C1BF29F30}.Debug|ARM64.ActiveCfg = Debug|Any CPU
		{B7E2C51E-7C19-4F28-AFA0-5B1C1BF29F30}.Debug|ARM64.Build.0 = Debug|Any CPU
		{B7E2C51E-7C19-4F28-AFA0-5B1C1BF29F30}.Debug|x64.ActiveCfg = Debug|Any CPU
		{B7E2C51E-7C19-4F28-AFA0-5B1C1BF29F30}.Debug|x64.Build.0 = Debug|Any CPU
		{B7E2C51E-7C19-4F28-AFA0-5B1C1BF29F30}.Debug|x86.ActiveCfg = Debug|Any CPU
		{B7E2C51E-7C19-4F28-AFA0-5B1C1BF29F30}.Debug|x86.Build.0 = Debug|Any CPU
		{B7E2C51E-7C19-4F28-AFA0-5B1C1BF29F30}.Release|Any CPU.ActiveCfg = Release|Any CPU
		{B7E2C51E-7C19-4F28-AFA0-5B1C1BF29F30}.Release|Any CPU.Build.0 = Release|Any CPU
		{B7E2C51E-7C19-4F28-AFA0-5B1C1BF29F30}.Release|ARM.ActiveCfg = Release|Any CPU
		{B7E2C51E-7C19-4F28-AFA0-5B1C1BF29F30}.Release|ARM.Build.0 = Release|Any CPU
		{B7E2C51E-7C19-4F28-AFA0-5B1C1BF29F30}.Release|ARM32.ActiveCfg = Release|Any CPU
		{B7E2C51E-7C19-4F28-AFA0-5B1C1BF29F30}.Release|ARM32.Build.0 = Release|Any CPU
		{B7E2C51E-7C19-4F28-AFA0-5B1C1BF29F30}.Release|ARM64.ActiveCfg = Release|Any CPU
		{B7E2C51E-7C19-4F28-AFA0-5B1C1BF29F30}.Release|ARM64.Build.0 = Release|Any CPU
		{B7E2C51E-7C19-4F28-AFA0-5B1C1BF29F30}.Release|x64.ActiveCfg = Release|Any CPU
		{B7E2C51E-7C19-4F28-AFA0-5B1C1BF29F30}.Release|x64.Build.0 = Release|Any CPU
		{B7E2C51E-7C19-4F28-AFA0-5B1C1BF29F30}.Release|x86.ActiveCfg = Release|Any CPU
		{B7E2C51E-7C19-4F28-AFA0-5B1C1BF29F30}.Release|x86.Build.0 = Release|Any CPU
		{E4B5A1C2-6D8F-4A2E-9B7C-3D1F8A5C6E04}.Debug|Any CPU.ActiveCfg = Debug|Any CPU
		{E4B5A1C2-6D8F-4A2E-9B7C-3D1F8A5C6E04}.Debug|Any CPU.Build.0 = Debug|Any CPU
		{E4B5A1C2-6D8F-4A2E-9B7C-3D1F8A5C6E04}.Debug|ARM.ActiveCfg = Debug|Any CPU
		{E4B5A1C2-6D8F-4A2E-9B7C-3D1F8A5C6E04}.Debug|ARM.Build.0 = Debug|Any CPU
		{E4B5A1C2-6D8F-4A2E-9B7C-3D1F8A5C6E04}.Debug|ARM32.ActiveCfg = Debug|Any CPU
		{E4B5A1C2-6D8F-4A2E-9B7C-3D1F8A5C6E04}.Debug|ARM32.Build.0 = Debug|Any CPU
		{E4B5A1C2-6D8F-4A2E-9B7C-3D1F8A5C6E04}.Debug|ARM64.ActiveCfg = Debug|Any CPU
		{E4B5A1C2-6D8F-4A2E-9B7C-3D1F8A5C6E04}.Debug|ARM64.Build.0 = Debug|Any CPU
		{E4B5A1C2-6D8F-4A2E-9B7C-3D1F8A5C6E04}.Debug|x64.ActiveCfg = Debug|Any CPU
		{E4B5A1C2-6D8F-4A2E-9B7C-3D1F8A5C6E04}.Debug|x64.Build.0 = Debug|Any CPU
		{E4B5A1C2-6D8F-4A2E-9B7C-3D1F8A5C6E04}.Debug|x86.ActiveCfg = Debug|Any CPU
		{E4B5A1C2-6D8F-4A2E-9B7C-3D1F8A5C6E04}.Debug|x86.Build.0 = Debug|Any CPU
		{E4B5A1C2-6D8F-4A2E-9B7C-3D1F8A5C6E04}.Release|Any CPU.ActiveCfg = Release|Any CPU
		{E4B5A1C2-6D8F-4A2E-9B7C-3D1F8A5C6E04}.Release|Any CPU.Build.0 = Release|Any CPU
		{E4B5A1C2-6D8F-4A2E-9B7C-3D1F8A5C6E04}.Release|ARM.ActiveCfg = Release|Any CPU
		{E4B5A1C2-6D8F-4A2E-9B7C-3D1F8A5C6E04}.Release|ARM.Build.0 = Release|Any CPU
		{E4B5A1C2-6D8F-4A2E-9B7C-3D1F8A5C6E04}.Release|ARM32.ActiveCfg = Release|Any CPU
		{E4B5A1C2-6D8F-4A2E-9B7C-3D1F8A5C6E04}.Release|ARM32.Build.0 = Release|Any CPU
		{E4B5A1C2-6D8F-4A2E-9B7C-3D1F8A5C6E04}.Release|ARM64.ActiveCfg = Release|Any CPU
		{E4B5A1C2-6D8F-4A2E-9B7C-3D1F8A5C6E04}.Release|ARM64.Build.0 = Release|Any CPU
		{E4B5A1C2-6D8F-4A2E-9B7C-3D1F8A5C6E04}.Release|x64.ActiveCfg = Release|Any CPU
		{E4B5A1C2-6D8F-4A2E-9B7C-3D1F8A5C6E04}.Release|x64.Build.0 = Release|Any CPU
		{E4B5A1C2-6D8F-4A2E-9B7C-3D1F8A5C6E04}.Release|x86.ActiveCfg = Release|Any CPU
		{E4B5A1C2-6D8F-4A2E-9B7C-3D1F8A5C6E04}.Release|x86.Build.0 = Release|Any CPU
	EndGlobalSection
	GlobalSection(SolutionProperties) = preSolution
		HideSolutionNode = FALSE
	EndGlobalSection
	GlobalSection(NestedProjects) = preSolution
		{561DCA28-E61E-49B6-89E3-35AC85381833} = {0D670EBB-89D5-47E6-8979-047296B3F4EC}
		{D7158271-2E8C-4AB8-86DF-21D6D99F5D0C} = {0D670EBB-89D5-47E6-8979-047296B3F4EC}
		{51F4DAE8-8E3E-4068-AB8F-50794FBC4C30} = {0D670EBB-89D5-47E6-8979-047296B3F4EC}
		{346C13FC-1F04-4123-B357-D0FB9EB7B45B} = {4C873D95-697F-446D-BD3D-CDAA051885E7}
		{E8594D51-3AAF-4FBF-90B8-EF2564B40193} = {4C873D95-697F-446D-BD3D-CDAA051885E7}
		{D598E75C-3A4F-4B59-821E-C8E4B0A842BD} = {4C873D95-697F-446D-BD3D-CDAA051885E7}
		{7516B056-CA65-4000-A675-A645CFCBA60E} = {4C873D95-697F-446D-BD3D-CDAA051885E7}
		{E4B5A1C2-6D8F-4A2E-9B7C-3D1F8A5C6E04} = {4C873D95-697F-446D-BD3D-CDAA051885E7}
		{7FFACE73-723B-E74B-A353-3C966D8DC77D} = {1A04643E-D114-1CCC-45A2-AD427A94AEC2}
		{2C82E26B-F0FC-A24A-E2C4-523BE0B3BDD2} = {7FFACE73-723B-E74B-A353-3C966D8DC77D}
		{0FF78864-1B9A-4BAB-8D65-76FB95663468} = {2C82E26B-F0FC-A24A-E2C4-523BE0B3BDD2}
		{40AC1AFD-6EB0-00D9-2D81-9C2EAE396883} = {1A04643E-D114-1CCC-45A2-AD427A94AEC2}
		{A3B7E9C1-2D4F-4A6B-8C0E-5F1A9B3D7E52} = {40AC1AFD-6EB0-00D9-2D81-9C2EAE396883}
		{ED2CC0D3-E5FC-89EC-BFB5-937F649AB018} = {40AC1AFD-6EB0-00D9-2D81-9C2EAE396883}
		{925C96AE-83A4-4FF4-81F3-C9B58F98F036} = {ED2CC0D3-E5FC-89EC-BFB5-937F649AB018}
		{1B5D689E-14BF-40F8-BB16-977CC53D1C67} = {7FFACE73-723B-E74B-A353-3C966D8DC77D}
		{587A4ED1-4CA6-3614-DF97-D3863A17817B} = {1A04643E-D114-1CCC-45A2-AD427A94AEC2}
		{9FA41788-16AC-31FB-8895-7E8E32111A93} = {587A4ED1-4CA6-3614-DF97-D3863A17817B}
		{4CB70F3F-6A60-4F72-88F8-3A1D832AFF66} = {9FA41788-16AC-31FB-8895-7E8E32111A93}
		{33F6064E-13F8-4F8C-A29A-E5A8D1450463} = {0D670EBB-89D5-47E6-8979-047296B3F4EC}
		{F3B1F691-ABED-4000-AB61-CD4BA8C976CE} = {0D670EBB-89D5-47E6-8979-047296B3F4EC}
		{CF7B2E50-F615-4971-B36B-8A4E4B5274F5} = {0D670EBB-89D5-47E6-8979-047296B3F4EC}
		{32A4642D-B504-421B-9E84-6CB4222230E0} = {0D670EBB-89D5-47E6-8979-047296B3F4EC}
		{A6D1B40D-6B08-4E17-9E9F-4A0B0AE18E2F} = {0D670EBB-89D5-47E6-8979-047296B3F4EC}
		{B7E2C51E-7C19-4F28-AFA0-5B1C1BF29F30} = {0D670EBB-89D5-47E6-8979-047296B3F4EC}
	EndGlobalSection
	GlobalSection(ExtensibilityGlobals) = postSolution
		SolutionGuid = {61543510-319D-4D3B-AB2F-C7F36A67E76E}
	EndGlobalSection
	GlobalSection(SharedMSBuildProjectFiles) = preSolution
		Compilers\VisualBasic\BasicAnalyzerDriver\BasicAnalyzerDriver.projitems*{0ff78864-1b9a-4bab-8d65-76fb95663468}*SharedItemsImports = 5
		Compilers\CSharp\CSharpAnalyzerDriver\CSharpAnalyzerDriver.projitems*{4cb70f3f-6a60-4f72-88f8-3a1d832aff66}*SharedItemsImports = 5
		Compilers\Core\AnalyzerDriver\AnalyzerDriver.projitems*{925c96ae-83a4-4ff4-81f3-c9b58f98f036}*SharedItemsImports = 5
		Dependencies\CodeAnalysis.Debugging\Microsoft.CodeAnalysis.Debugging.projitems*{925c96ae-83a4-4ff4-81f3-c9b58f98f036}*SharedItemsImports = 5
		Dependencies\Collections\Microsoft.CodeAnalysis.Collections.projitems*{925c96ae-83a4-4ff4-81f3-c9b58f98f036}*SharedItemsImports = 5
		Dependencies\Contracts\Microsoft.CodeAnalysis.Contracts.projitems*{925c96ae-83a4-4ff4-81f3-c9b58f98f036}*SharedItemsImports = 5
		Dependencies\PooledObjects\Microsoft.CodeAnalysis.PooledObjects.projitems*{925c96ae-83a4-4ff4-81f3-c9b58f98f036}*SharedItemsImports = 5
	EndGlobalSection
EndGlobal
